// !$*UTF8*$!
{
	archiveVersion = 1;
	classes = {
	};
	objectVersion = 55;
	objects = {

/* Begin PBXBuildFile section */
		846BC50328AA17A700DFE884 /* CarListingAppApp.swift in Sources */ = {isa = PBXBuildFile; fileRef = 846BC50228AA17A700DFE884 /* CarListingAppApp.swift */; };
		846BC50528AA17A700DFE884 /* ContentView.swift in Sources */ = {isa = PBXBuildFile; fileRef = 846BC50428AA17A700DFE884 /* ContentView.swift */; };
		846BC50728AA17A800DFE884 /* Assets.xcassets in Resources */ = {isa = PBXBuildFile; fileRef = 846BC50628AA17A800DFE884 /* Assets.xcassets */; };
		846BC50A28AA17A800DFE884 /* Preview Assets.xcassets in Resources */ = {isa = PBXBuildFile; fileRef = 846BC50928AA17A800DFE884 /* Preview Assets.xcassets */; };
		846BC51128AA188E00DFE884 /* car_list.json in Resources */ = {isa = PBXBuildFile; fileRef = 846BC51028AA188E00DFE884 /* car_list.json */; };
		846BC51428AA197B00DFE884 /* ExpandableCardView.swift in Sources */ = {isa = PBXBuildFile; fileRef = 846BC51328AA197B00DFE884 /* ExpandableCardView.swift */; };
		846BC51828AA19A400DFE884 /* Car.swift in Sources */ = {isa = PBXBuildFile; fileRef = 846BC51728AA19A400DFE884 /* Car.swift */; };
		846BC51B28AA1A3E00DFE884 /* ViewModel.swift in Sources */ = {isa = PBXBuildFile; fileRef = 846BC51A28AA1A3E00DFE884 /* ViewModel.swift */; };
/* End PBXBuildFile section */

/* Begin PBXFileReference section */
		846BC4FF28AA17A700DFE884 /* CarListingApp.app */ = {isa = PBXFileReference; explicitFileType = wrapper.application; includeInIndex = 0; path = CarListingApp.app; sourceTree = BUILT_PRODUCTS_DIR; };
		846BC50228AA17A700DFE884 /* CarListingAppApp.swift */ = {isa = PBXFileReference; lastKnownFileType = sourcecode.swift; path = CarListingAppApp.swift; sourceTree = "<group>"; };
		846BC50428AA17A700DFE884 /* ContentView.swift */ = {isa = PBXFileReference; lastKnownFileType = sourcecode.swift; path = ContentView.swift; sourceTree = "<group>"; };
		846BC50628AA17A800DFE884 /* Assets.xcassets */ = {isa = PBXFileReference; lastKnownFileType = folder.assetcatalog; path = Assets.xcassets; sourceTree = "<group>"; };
		846BC50928AA17A800DFE884 /* Preview Assets.xcassets */ = {isa = PBXFileReference; lastKnownFileType = folder.assetcatalog; path = "Preview Assets.xcassets"; sourceTree = "<group>"; };
		846BC51028AA188E00DFE884 /* car_list.json */ = {isa = PBXFileReference; fileEncoding = 4; lastKnownFileType = text.json; path = car_list.json; sourceTree = "<group>"; };
		846BC51328AA197B00DFE884 /* ExpandableCardView.swift */ = {isa = PBXFileReference; lastKnownFileType = sourcecode.swift; path = ExpandableCardView.swift; sourceTree = "<group>"; };
		846BC51728AA19A400DFE884 /* Car.swift */ = {isa = PBXFileReference; lastKnownFileType = sourcecode.swift; path = Car.swift; sourceTree = "<group>"; };
		846BC51A28AA1A3E00DFE884 /* ViewModel.swift */ = {isa = PBXFileReference; lastKnownFileType = sourcecode.swift; path = ViewModel.swift; sourceTree = "<group>"; };
/* End PBXFileReference section */

/* Begin PBXFrameworksBuildPhase section */
		846BC4FC28AA17A700DFE884 /* Frameworks */ = {
			isa = PBXFrameworksBuildPhase;
			buildActionMask = 2147483647;
			files = (
			);
			runOnlyForDeploymentPostprocessing = 0;
		};
/* End PBXFrameworksBuildPhase section */

/* Begin PBXGroup section */
		846BC4F628AA17A700DFE884 = {
			isa = PBXGroup;
			children = (
				846BC50128AA17A700DFE884 /* CarListingApp */,
				846BC50028AA17A700DFE884 /* Products */,
			);
			sourceTree = "<group>";
		};
		846BC50028AA17A700DFE884 /* Products */ = {
			isa = PBXGroup;
			children = (
				846BC4FF28AA17A700DFE884 /* CarListingApp.app */,
			);
			name = Products;
			sourceTree = "<group>";
		};
		846BC50128AA17A700DFE884 /* CarListingApp */ = {
			isa = PBXGroup;
			children = (
				84B63C4028BC37F800D1E4FF /* utils */,
				846BC51C28AA1A8300DFE884 /* data */,
				846BC51628AA199200DFE884 /* viewModel */,
				846BC50228AA17A700DFE884 /* CarListingAppApp.swift */,
				846BC51528AA198400DFE884 /* models */,
				846BC50428AA17A700DFE884 /* ContentView.swift */,
				846BC51228AA196E00DFE884 /* views */,
				846BC50628AA17A800DFE884 /* Assets.xcassets */,
				846BC50828AA17A800DFE884 /* Preview Content */,
			);
			path = CarListingApp;
			sourceTree = "<group>";
		};
		846BC50828AA17A800DFE884 /* Preview Content */ = {
			isa = PBXGroup;
			children = (
				846BC50928AA17A800DFE884 /* Preview Assets.xcassets */,
			);
			path = "Preview Content";
			sourceTree = "<group>";
		};
		846BC51228AA196E00DFE884 /* views */ = {
			isa = PBXGroup;
			children = (
				846BC51328AA197B00DFE884 /* ExpandableCardView.swift */,
			);
			path = views;
			sourceTree = "<group>";
		};
		846BC51528AA198400DFE884 /* models */ = {
			isa = PBXGroup;
			children = (
				846BC51728AA19A400DFE884 /* Car.swift */,
			);
			path = models;
			sourceTree = "<group>";
		};
		846BC51628AA199200DFE884 /* viewModel */ = {
			isa = PBXGroup;
			children = (
				846BC51A28AA1A3E00DFE884 /* ViewModel.swift */,
			);
			path = viewModel;
			sourceTree = "<group>";
		};
		846BC51C28AA1A8300DFE884 /* data */ = {
			isa = PBXGroup;
			children = (
				846BC51028AA188E00DFE884 /* car_list.json */,
			);
			path = data;
			sourceTree = "<group>";
		};
		84B63C4028BC37F800D1E4FF /* utils */ = {
			isa = PBXGroup;
			children = (
			);
			path = utils;
			sourceTree = "<group>";
		};
/* End PBXGroup section */

/* Begin PBXNativeTarget section */
		846BC4FE28AA17A700DFE884 /* CarListingApp */ = {
			isa = PBXNativeTarget;
			buildConfigurationList = 846BC50D28AA17A800DFE884 /* Build configuration list for PBXNativeTarget "CarListingApp" */;
			buildPhases = (
				846BC4FB28AA17A700DFE884 /* Sources */,
				846BC4FC28AA17A700DFE884 /* Frameworks */,
				846BC4FD28AA17A700DFE884 /* Resources */,
			);
			buildRules = (
			);
			dependencies = (
			);
			name = CarListingApp;
			productName = CarListingApp;
			productReference = 846BC4FF28AA17A700DFE884 /* CarListingApp.app */;
			productType = "com.apple.product-type.application";
		};
/* End PBXNativeTarget section */

/* Begin PBXProject section */
		846BC4F728AA17A700DFE884 /* Project object */ = {
			isa = PBXProject;
			attributes = {
				BuildIndependentTargetsInParallel = 1;
				LastSwiftUpdateCheck = 1340;
				LastUpgradeCheck = 1340;
				TargetAttributes = {
					846BC4FE28AA17A700DFE884 = {
						CreatedOnToolsVersion = 13.4.1;
					};
				};
			};
			buildConfigurationList = 846BC4FA28AA17A700DFE884 /* Build configuration list for PBXProject "CarListingApp" */;
			compatibilityVersion = "Xcode 13.0";
			developmentRegion = en;
			hasScannedForEncodings = 0;
			knownRegions = (
				en,
				Base,
			);
			mainGroup = 846BC4F628AA17A700DFE884;
			productRefGroup = 846BC50028AA17A700DFE884 /* Products */;
			projectDirPath = "";
			projectRoot = "";
			targets = (
				846BC4FE28AA17A700DFE884 /* CarListingApp */,
			);
		};
/* End PBXProject section */

/* Begin PBXResourcesBuildPhase section */
		846BC4FD28AA17A700DFE884 /* Resources */ = {
			isa = PBXResourcesBuildPhase;
			buildActionMask = 2147483647;
			files = (
				846BC50A28AA17A800DFE884 /* Preview Assets.xcassets in Resources */,
				846BC51128AA188E00DFE884 /* car_list.json in Resources */,
				846BC50728AA17A800DFE884 /* Assets.xcassets in Resources */,
			);
			runOnlyForDeploymentPostprocessing = 0;
		};
/* End PBXResourcesBuildPhase section */

/* Begin PBXSourcesBuildPhase section */
		846BC4FB28AA17A700DFE884 /* Sources */ = {
			isa = PBXSourcesBuildPhase;
			buildActionMask = 2147483647;
			files = (
				846BC51B28AA1A3E00DFE884 /* ViewModel.swift in Sources */,
				846BC51428AA197B00DFE884 /* ExpandableCardView.swift in Sources */,
				846BC50528AA17A700DFE884 /* ContentView.swift in Sources */,
				846BC51828AA19A400DFE884 /* Car.swift in Sources */,
				846BC50328AA17A700DFE884 /* CarListingAppApp.swift in Sources */,
			);
			runOnlyForDeploymentPostprocessing = 0;
		};
/* End PBXSourcesBuildPhase section */

/* Begin XCBuildConfiguration section */
		846BC50B28AA17A800DFE884 /* Debug */ = {
			isa = XCBuildConfiguration;
			buildSettings = {
				ALWAYS_SEARCH_USER_PATHS = NO;
				CLANG_ANALYZER_NONNULL = YES;
				CLANG_ANALYZER_NUMBER_OBJECT_CONVERSION = YES_AGGRESSIVE;
				CLANG_CXX_LANGUAGE_STANDARD = "gnu++17";
				CLANG_ENABLE_MODULES = YES;
				CLANG_ENABLE_OBJC_ARC = YES;
				CLANG_ENABLE_OBJC_WEAK = YES;
				CLANG_WARN_BLOCK_CAPTURE_AUTORELEASING = YES;
				CLANG_WARN_BOOL_CONVERSION = YES;
				CLANG_WARN_COMMA = YES;
				CLANG_WARN_CONSTANT_CONVERSION = YES;
				CLANG_WARN_DEPRECATED_OBJC_IMPLEMENTATIONS = YES;
				CLANG_WARN_DIRECT_OBJC_ISA_USAGE = YES_ERROR;
				CLANG_WARN_DOCUMENTATION_COMMENTS = YES;
				CLANG_WARN_EMPTY_BODY = YES;
				CLANG_WARN_ENUM_CONVERSION = YES;
				CLANG_WARN_INFINITE_RECURSION = YES;
				CLANG_WARN_INT_CONVERSION = YES;
				CLANG_WARN_NON_LITERAL_NULL_CONVERSION = YES;
				CLANG_WARN_OBJC_IMPLICIT_RETAIN_SELF = YES;
				CLANG_WARN_OBJC_LITERAL_CONVERSION = YES;
				CLANG_WARN_OBJC_ROOT_CLASS = YES_ERROR;
				CLANG_WARN_QUOTED_INCLUDE_IN_FRAMEWORK_HEADER = YES;
				CLANG_WARN_RANGE_LOOP_ANALYSIS = YES;
				CLANG_WARN_STRICT_PROTOTYPES = YES;
				CLANG_WARN_SUSPICIOUS_MOVE = YES;
				CLANG_WARN_UNGUARDED_AVAILABILITY = YES_AGGRESSIVE;
				CLANG_WARN_UNREACHABLE_CODE = YES;
				CLANG_WARN__DUPLICATE_METHOD_MATCH = YES;
				COPY_PHASE_STRIP = NO;
				DEBUG_INFORMATION_FORMAT = dwarf;
				ENABLE_STRICT_OBJC_MSGSEND = YES;
				ENABLE_TESTABILITY = YES;
				GCC_C_LANGUAGE_STANDARD = gnu11;
				GCC_DYNAMIC_NO_PIC = NO;
				GCC_NO_COMMON_BLOCKS = YES;
				GCC_OPTIMIZATION_LEVEL = 0;
				GCC_PREPROCESSOR_DEFINITIONS = (
					"DEBUG=1",
					"$(inherited)",
				);
				GCC_WARN_64_TO_32_BIT_CONVERSION = YES;
				GCC_WARN_ABOUT_RETURN_TYPE = YES_ERROR;
				GCC_WARN_UNDECLARED_SELECTOR = YES;
				GCC_WARN_UNINITIALIZED_AUTOS = YES_AGGRESSIVE;
				GCC_WARN_UNUSED_FUNCTION = YES;
				GCC_WARN_UNUSED_VARIABLE = YES;
				IPHONEOS_DEPLOYMENT_TARGET = 15.5;
				MTL_ENABLE_DEBUG_INFO = INCLUDE_SOURCE;
				MTL_FAST_MATH = YES;
				ONLY_ACTIVE_ARCH = YES;
				SDKROOT = iphoneos;
				SWIFT_ACTIVE_COMPILATION_CONDITIONS = DEBUG;
				SWIFT_OPTIMIZATION_LEVEL = "-Onone";
			};
			name = Debug;
		};
		846BC50C28AA17A800DFE884 /* Release */ = {
			isa = XCBuildConfiguration;
			buildSettings = {
				ALWAYS_SEARCH_USER_PATHS = NO;
				CLANG_ANALYZER_NONNULL = YES;
				CLANG_ANALYZER_NUMBER_OBJECT_CONVERSION = YES_AGGRESSIVE;
				CLANG_CXX_LANGUAGE_STANDARD = "gnu++17";
				CLANG_ENABLE_MODULES = YES;
				CLANG_ENABLE_OBJC_ARC = YES;
				CLANG_ENABLE_OBJC_WEAK = YES;
				CLANG_WARN_BLOCK_CAPTURE_AUTORELEASING = YES;
				CLANG_WARN_BOOL_CONVERSION = YES;
				CLANG_WARN_COMMA = YES;
				CLANG_WARN_CONSTANT_CONVERSION = YES;
				CLANG_WARN_DEPRECATED_OBJC_IMPLEMENTATIONS = YES;
				CLANG_WARN_DIRECT_OBJC_ISA_USAGE = YES_ERROR;
				CLANG_WARN_DOCUMENTATION_COMMENTS = YES;
				CLANG_WARN_EMPTY_BODY = YES;
				CLANG_WARN_ENUM_CONVERSION = YES;
				CLANG_WARN_INFINITE_RECURSION = YES;
				CLANG_WARN_INT_CONVERSION = YES;
				CLANG_WARN_NON_LITERAL_NULL_CONVERSION = YES;
				CLANG_WARN_OBJC_IMPLICIT_RETAIN_SELF = YES;
				CLANG_WARN_OBJC_LITERAL_CONVERSION = YES;
				CLANG_WARN_OBJC_ROOT_CLASS = YES_ERROR;
				CLANG_WARN_QUOTED_INCLUDE_IN_FRAMEWORK_HEADER = YES;
				CLANG_WARN_RANGE_LOOP_ANALYSIS = YES;
				CLANG_WARN_STRICT_PROTOTYPES = YES;
				CLANG_WARN_SUSPICIOUS_MOVE = YES;
				CLANG_WARN_UNGUARDED_AVAILABILITY = YES_AGGRESSIVE;
				CLANG_WARN_UNREACHABLE_CODE = YES;
				CLANG_WARN__DUPLICATE_METHOD_MATCH = YES;
				COPY_PHASE_STRIP = NO;
				DEBUG_INFORMATION_FORMAT = "dwarf-with-dsym";
				ENABLE_NS_ASSERTIONS = NO;
				ENABLE_STRICT_OBJC_MSGSEND = YES;
				GCC_C_LANGUAGE_STANDARD = gnu11;
				GCC_NO_COMMON_BLOCKS = YES;
				GCC_WARN_64_TO_32_BIT_CONVERSION = YES;
				GCC_WARN_ABOUT_RETURN_TYPE = YES_ERROR;
				GCC_WARN_UNDECLARED_SELECTOR = YES;
				GCC_WARN_UNINITIALIZED_AUTOS = YES_AGGRESSIVE;
				GCC_WARN_UNUSED_FUNCTION = YES;
				GCC_WARN_UNUSED_VARIABLE = YES;
				IPHONEOS_DEPLOYMENT_TARGET = 15.5;
				MTL_ENABLE_DEBUG_INFO = NO;
				MTL_FAST_MATH = YES;
				SDKROOT = iphoneos;
				SWIFT_COMPILATION_MODE = wholemodule;
				SWIFT_OPTIMIZATION_LEVEL = "-O";
				VALIDATE_PRODUCT = YES;
			};
			name = Release;
		};
		846BC50E28AA17A800DFE884 /* Debug */ = {
			isa = XCBuildConfiguration;
			buildSettings = {
				ASSETCATALOG_COMPILER_APPICON_NAME = AppIcon;
				ASSETCATALOG_COMPILER_GLOBAL_ACCENT_COLOR_NAME = AccentColor;
				CODE_SIGN_STYLE = Automatic;
				CURRENT_PROJECT_VERSION = 1;
				DEVELOPMENT_ASSET_PATHS = "\"CarListingApp/Preview Content\"";
				DEVELOPMENT_TEAM = BY93XN74UV;
				ENABLE_PREVIEWS = YES;
				GENERATE_INFOPLIST_FILE = YES;
				INFOPLIST_KEY_UIApplicationSceneManifest_Generation = YES;
				INFOPLIST_KEY_UIApplicationSupportsIndirectInputEvents = YES;
				INFOPLIST_KEY_UILaunchScreen_Generation = YES;
				INFOPLIST_KEY_UISupportedInterfaceOrientations_iPad = "UIInterfaceOrientationPortrait UIInterfaceOrientationPortraitUpsideDown UIInterfaceOrientationLandscapeLeft UIInterfaceOrientationLandscapeRight";
				INFOPLIST_KEY_UISupportedInterfaceOrientations_iPhone = "UIInterfaceOrientationPortrait UIInterfaceOrientationLandscapeLeft UIInterfaceOrientationLandscapeRight";
				LD_RUNPATH_SEARCH_PATHS = (
					"$(inherited)",
					"@executable_path/Frameworks",
				);
				MARKETING_VERSION = 1.0;
				PRODUCT_BUNDLE_IDENTIFIER = training.franklin.dev.CarListingApp;
				PRODUCT_NAME = "$(TARGET_NAME)";
				SWIFT_EMIT_LOC_STRINGS = YES;
				SWIFT_VERSION = 5.0;
				TARGETED_DEVICE_FAMILY = "1,2";
			};
			name = Debug;
		};
		846BC50F28AA17A800DFE884 /* Release */ = {
			isa = XCBuildConfiguration;
			buildSettings = {
				ASSETCATALOG_COMPILER_APPICON_NAME = AppIcon;
				ASSETCATALOG_COMPILER_GLOBAL_ACCENT_COLOR_NAME = AccentColor;
				CODE_SIGN_STYLE = Automatic;
				CURRENT_PROJECT_VERSION = 1;
				DEVELOPMENT_ASSET_PATHS = "\"CarListingApp/Preview Content\"";
				DEVELOPMENT_TEAM = BY93XN74UV;
				ENABLE_PREVIEWS = YES;
				GENERATE_INFOPLIST_FILE = YES;
				INFOPLIST_KEY_UIApplicationSceneManifest_Generation = YES;
				INFOPLIST_KEY_UIApplicationSupportsIndirectInputEvents = YES;
				INFOPLIST_KEY_UILaunchScreen_Generation = YES;
				INFOPLIST_KEY_UISupportedInterfaceOrientations_iPad = "UIInterfaceOrientationPortrait UIInterfaceOrientationPortraitUpsideDown UIInterfaceOrientationLandscapeLeft UIInterfaceOrientationLandscapeRight";
				INFOPLIST_KEY_UISupportedInterfaceOrientations_iPhone = "UIInterfaceOrientationPortrait UIInterfaceOrientationLandscapeLeft UIInterfaceOrientationLandscapeRight";
				LD_RUNPATH_SEARCH_PATHS = (
					"$(inherited)",
					"@executable_path/Frameworks",
				);
				MARKETING_VERSION = 1.0;
				PRODUCT_BUNDLE_IDENTIFIER = training.franklin.dev.CarListingApp;
				PRODUCT_NAME = "$(TARGET_NAME)";
				SWIFT_EMIT_LOC_STRINGS = YES;
				SWIFT_VERSION = 5.0;
				TARGETED_DEVICE_FAMILY = "1,2";
			};
			name = Release;
		};
/* End XCBuildConfiguration section */

/* Begin XCConfigurationList section */
		846BC4FA28AA17A700DFE884 /* Build configuration list for PBXProject "CarListingApp" */ = {
			isa = XCConfigurationList;
			buildConfigurations = (
				846BC50B28AA17A800DFE884 /* Debug */,
				846BC50C28AA17A800DFE884 /* Release */,
			);
			defaultConfigurationIsVisible = 0;
			defaultConfigurationName = Release;
		};
		846BC50D28AA17A800DFE884 /* Build configuration list for PBXNativeTarget "CarListingApp" */ = {
			isa = XCConfigurationList;
			buildConfigurations = (
				846BC50E28AA17A800DFE884 /* Debug */,
				846BC50F28AA17A800DFE884 /* Release */,
			);
			defaultConfigurationIsVisible = 0;
			defaultConfigurationName = Release;
		};
/* End XCConfigurationList section */
	};
	rootObject = 846BC4F728AA17A700DFE884 /* Project object */;
}
